
Microsoft Visual Studio Solution File, Format Version 12.00
# Visual Studio 15
VisualStudioVersion = 15.0.27130.2010
MinimumVisualStudioVersion = 10.0.40219.1
Project("{9A19103F-16F7-4668-BE54-9A1E7A4F7556}") = "ProgramasMobilidadeESW2017", "ProgramasMobilidadeESW2017\ProgramasMobilidadeESW2017.csproj", "{FE987D0C-D959-43F6-BDC5-869B998A2442}"
EndProject
Project("{9A19103F-16F7-4668-BE54-9A1E7A4F7556}") = "Testes", "Testes\Testes.csproj", "{9E46B1EB-5A35-4FD0-8094-1066903FCB47}"
EndProject
Project("{FAE04EC0-301F-11D3-BF4B-00C04F79EFBC}") = "WpfApp2", "WpfApp2\WpfApp2.csproj", "{51814373-3CAE-4C2F-AAA9-1F66E890831F}"
EndProject
Global
	GlobalSection(SolutionConfigurationPlatforms) = preSolution
		Debug|Any CPU = Debug|Any CPU
		Release|Any CPU = Release|Any CPU
	EndGlobalSection
	GlobalSection(ProjectConfigurationPlatforms) = postSolution
		{FE987D0C-D959-43F6-BDC5-869B998A2442}.Debug|Any CPU.ActiveCfg = Debug|Any CPU
		{FE987D0C-D959-43F6-BDC5-869B998A2442}.Debug|Any CPU.Build.0 = Debug|Any CPU
		{FE987D0C-D959-43F6-BDC5-869B998A2442}.Release|Any CPU.ActiveCfg = Release|Any CPU
		{FE987D0C-D959-43F6-BDC5-869B998A2442}.Release|Any CPU.Build.0 = Release|Any CPU
		{9E46B1EB-5A35-4FD0-8094-1066903FCB47}.Debug|Any CPU.ActiveCfg = Debug|Any CPU
		{9E46B1EB-5A35-4FD0-8094-1066903FCB47}.Debug|Any CPU.Build.0 = Debug|Any CPU
		{9E46B1EB-5A35-4FD0-8094-1066903FCB47}.Release|Any CPU.ActiveCfg = Release|Any CPU
		{9E46B1EB-5A35-4FD0-8094-1066903FCB47}.Release|Any CPU.Build.0 = Release|Any CPU
		{51814373-3CAE-4C2F-AAA9-1F66E890831F}.Debug|Any CPU.ActiveCfg = Debug|Any CPU
		{51814373-3CAE-4C2F-AAA9-1F66E890831F}.Debug|Any CPU.Build.0 = Debug|Any CPU
		{51814373-3CAE-4C2F-AAA9-1F66E890831F}.Release|Any CPU.ActiveCfg = Release|Any CPU
		{51814373-3CAE-4C2F-AAA9-1F66E890831F}.Release|Any CPU.Build.0 = Release|Any CPU
	EndGlobalSection
	GlobalSection(SolutionProperties) = preSolution
		HideSolutionNode = FALSE
	EndGlobalSection
	GlobalSection(ExtensibilityGlobals) = postSolution
		SolutionGuid = {9F9E0A15-537B-41C0-BF0F-0B145C83B1AA}
	EndGlobalSection
EndGlobal
